
Microsoft Visual Studio Solution File, Format Version 12.00
# Visual Studio Version 17
VisualStudioVersion = 17.3.32825.248
MinimumVisualStudioVersion = 10.0.40219.1
Project("{9A19103F-16F7-4668-BE54-9A1E7A4F7556}") = "Infraestructura", "Infraestructura\Infraestructura.csproj", "{1C119E53-1334-4D85-BBCB-CC2C8D658BC6}"
EndProject
Project("{9A19103F-16F7-4668-BE54-9A1E7A4F7556}") = "Dominio", "Dominio\Dominio.csproj", "{2E2A672F-50EC-42B1-96F9-4D88F5DB223A}"
EndProject
Project("{9A19103F-16F7-4668-BE54-9A1E7A4F7556}") = "Aplicacion", "Aplicacion\Aplicacion.csproj", "{BB4958FF-93AD-402C-925A-432D994291C4}"
EndProject
Project("{9A19103F-16F7-4668-BE54-9A1E7A4F7556}") = "WAPIRestaurantPS", "WAPIRestaurantPS\WAPIRestaurantPS.csproj", "{3FBF39C9-4B85-4871-8773-CE4AC8ED5805}"
EndProject
Global
	GlobalSection(SolutionConfigurationPlatforms) = preSolution
		Debug|Any CPU = Debug|Any CPU
		Release|Any CPU = Release|Any CPU
	EndGlobalSection
	GlobalSection(ProjectConfigurationPlatforms) = postSolution
		{1C119E53-1334-4D85-BBCB-CC2C8D658BC6}.Debug|Any CPU.ActiveCfg = Debug|Any CPU
		{1C119E53-1334-4D85-BBCB-CC2C8D658BC6}.Debug|Any CPU.Build.0 = Debug|Any CPU
		{1C119E53-1334-4D85-BBCB-CC2C8D658BC6}.Release|Any CPU.ActiveCfg = Release|Any CPU
		{1C119E53-1334-4D85-BBCB-CC2C8D658BC6}.Release|Any CPU.Build.0 = Release|Any CPU
		{2E2A672F-50EC-42B1-96F9-4D88F5DB223A}.Debug|Any CPU.ActiveCfg = Debug|Any CPU
		{2E2A672F-50EC-42B1-96F9-4D88F5DB223A}.Debug|Any CPU.Build.0 = Debug|Any CPU
		{2E2A672F-50EC-42B1-96F9-4D88F5DB223A}.Release|Any CPU.ActiveCfg = Release|Any CPU
		{2E2A672F-50EC-42B1-96F9-4D88F5DB223A}.Release|Any CPU.Build.0 = Release|Any CPU
		{BB4958FF-93AD-402C-925A-432D994291C4}.Debug|Any CPU.ActiveCfg = Debug|Any CPU
		{BB4958FF-93AD-402C-925A-432D994291C4}.Debug|Any CPU.Build.0 = Debug|Any CPU
		{BB4958FF-93AD-402C-925A-432D994291C4}.Release|Any CPU.ActiveCfg = Release|Any CPU
		{BB4958FF-93AD-402C-925A-432D994291C4}.Release|Any CPU.Build.0 = Release|Any CPU
		{3FBF39C9-4B85-4871-8773-CE4AC8ED5805}.Debug|Any CPU.ActiveCfg = Debug|Any CPU
		{3FBF39C9-4B85-4871-8773-CE4AC8ED5805}.Debug|Any CPU.Build.0 = Debug|Any CPU
		{3FBF39C9-4B85-4871-8773-CE4AC8ED5805}.Release|Any CPU.ActiveCfg = Release|Any CPU
		{3FBF39C9-4B85-4871-8773-CE4AC8ED5805}.Release|Any CPU.Build.0 = Release|Any CPU
	EndGlobalSection
	GlobalSection(SolutionProperties) = preSolution
		HideSolutionNode = FALSE
	EndGlobalSection
	GlobalSection(ExtensibilityGlobals) = postSolution
		SolutionGuid = {514601E5-D20F-4364-B3BD-B67350DE4A5C}
	EndGlobalSection
EndGlobal
